github.com/alexedwards/scs/postgresstore v0.0.0-20251002162104-209de6e426de h1:LDrMkjj4OCCQsq9SvIPQV1l3leMxqXZTCTxDFwMrqTE=
github.com/alexedwards/scs/postgresstore v0.0.0-20251002162104-209de6e426de/go.mod h1:TDDdV/xnjj+/4zBQ9a2k+i2AbuAdY7SQjPUh5zoTZ3M=
github.com/alexedwards/scs/v2 v2.9.0 h1:xa05mVpwTBm1iLeTMNFfAWpKUm4fXAW7CeAViqBVS90=
github.com/alexedwards/scs/v2 v2.9.0/go.mod h1:ToaROZxyKukJKT/xLcVQAChi5k6+Pn1Gvmdl7h3RRj8=
github.com/go-chi/chi/v5 v5.3.0 h1:halUjDxhshgXHMrao5bB8eNBXo/rnzwr8m5m36glehM=
github.com/go-chi/chi/v5 v5.3.0/go.mod h1:R+tYY2hNuVUUjxoPtqUdgBqevM9s9njzkTLutVsOCto=
github.com/golang-jwt/jwt/v5 v5.3.1 h1:kYf81DTWFe7t+1VvL7eS+jKFVWaUnK9cB1qbwn63YCY=
github.com/golang-jwt/jwt/v5 v5.3.1/go.mod h1:fxCRLWMO43lRc8nhHWY6LGqRcf+1gQWArsqaEUEa5bE=
github.com/joho/godotenv v1.5.1 h1:7eLL/+HRGLY0ldzfGMeQkb7vMd0as4CfYvUVzLqw0N0=
github.com/joho/godotenv v1.5.1/go.mod h1:f4LDr5Voq0i2e/R5DDNOoa2zzDfwtkZa6DnEwAbqwq4=
github.com/lib/pq v1.4.0/go.mod h1:5WUZQaWbwv1U+lTReE5YruASi9Al49XbQIvNi/34Woo=
github.com/lib/pq v1.12.3 h1:tTWxr2YLKwIvK90ZXEw8GP7UFHtcbTtty8zsI+YjrfQ=
github.com/lib/pq v1.12.3/go.mod h1:/p+8NSbOcwzAEI7wiMXFlgydTwcgTr3OSKMsD2BitpA=
golang.org/x/crypto v0.52.0 h1:RMs7fP2rXdep0CftQlK8Uf+kibLm7qkCcradZWYz988=
golang.org/x/crypto v0.52.0/go.mod h1:1QgfPxDqh0T2M/elOJtp9RvuR95kVjir0e6/BvEmGbc=
